// !$*UTF8*$!
{
	archiveVersion = 1;
	classes = {
	};
	objectVersion = 56;
	objects = {

/* Begin PBXBuildFile section */
		BA464E0929AC9B48006F7794 /* Int+.swift in Sources */ = {isa = PBXBuildFile; fileRef = BA464E0829AC9B48006F7794 /* Int+.swift */; };
		BA464E0B29ADB114006F7794 /* AddNewTimerViewDelegate.swift in Sources */ = {isa = PBXBuildFile; fileRef = BA464E0A29ADB114006F7794 /* AddNewTimerViewDelegate.swift */; };
		BA464E0E29ADBE95006F7794 /* TimerManager.swift in Sources */ = {isa = PBXBuildFile; fileRef = BA464E0D29ADBE95006F7794 /* TimerManager.swift */; };
		BA4DF09E29A753C1002526E8 /* AppDelegate.swift in Sources */ = {isa = PBXBuildFile; fileRef = BA4DF09D29A753C1002526E8 /* AppDelegate.swift */; };
		BA4DF0A029A753C1002526E8 /* SceneDelegate.swift in Sources */ = {isa = PBXBuildFile; fileRef = BA4DF09F29A753C1002526E8 /* SceneDelegate.swift */; };
		BA4DF0A729A753C2002526E8 /* Assets.xcassets in Resources */ = {isa = PBXBuildFile; fileRef = BA4DF0A629A753C2002526E8 /* Assets.xcassets */; };
		BA4DF0AA29A753C2002526E8 /* LaunchScreen.storyboard in Resources */ = {isa = PBXBuildFile; fileRef = BA4DF0A829A753C2002526E8 /* LaunchScreen.storyboard */; };
		BA4DF0B729A7558C002526E8 /* MainViewController.swift in Sources */ = {isa = PBXBuildFile; fileRef = BA4DF0B629A7558C002526E8 /* MainViewController.swift */; };
		BA4DF0B929A755B0002526E8 /* MainView.swift in Sources */ = {isa = PBXBuildFile; fileRef = BA4DF0B829A755B0002526E8 /* MainView.swift */; };
		BA4DF0BB29A755D9002526E8 /* TimerModel.swift in Sources */ = {isa = PBXBuildFile; fileRef = BA4DF0BA29A755D9002526E8 /* TimerModel.swift */; };
		BA4DF0BD29A7560A002526E8 /* TimerCollectionViewCell.swift in Sources */ = {isa = PBXBuildFile; fileRef = BA4DF0BC29A7560A002526E8 /* TimerCollectionViewCell.swift */; };
		BA4DF0BF29AA0CC4002526E8 /* MainViewProtocol.swift in Sources */ = {isa = PBXBuildFile; fileRef = BA4DF0BE29AA0CC4002526E8 /* MainViewProtocol.swift */; };
		BA4DF0C129AB2A1C002526E8 /* AddNewTimerView.swift in Sources */ = {isa = PBXBuildFile; fileRef = BA4DF0C029AB2A1C002526E8 /* AddNewTimerView.swift */; };
		BA4DF0C329AB2A2F002526E8 /* AddNewTimerViewController.swift in Sources */ = {isa = PBXBuildFile; fileRef = BA4DF0C229AB2A2F002526E8 /* AddNewTimerViewController.swift */; };
		BA4DF0C729AB7025002526E8 /* TimePickerViewCell.swift in Sources */ = {isa = PBXBuildFile; fileRef = BA4DF0C629AB7025002526E8 /* TimePickerViewCell.swift */; };
/* End PBXBuildFile section */

/* Begin PBXFileReference section */
		BA464E0829AC9B48006F7794 /* Int+.swift */ = {isa = PBXFileReference; lastKnownFileType = sourcecode.swift; path = "Int+.swift"; sourceTree = "<group>"; };
		BA464E0A29ADB114006F7794 /* AddNewTimerViewDelegate.swift */ = {isa = PBXFileReference; lastKnownFileType = sourcecode.swift; path = AddNewTimerViewDelegate.swift; sourceTree = "<group>"; };
		BA464E0D29ADBE95006F7794 /* TimerManager.swift */ = {isa = PBXFileReference; lastKnownFileType = sourcecode.swift; path = TimerManager.swift; sourceTree = "<group>"; };
		BA4DF09A29A753C1002526E8 /* CookingTimer.app */ = {isa = PBXFileReference; explicitFileType = wrapper.application; includeInIndex = 0; path = CookingTimer.app; sourceTree = BUILT_PRODUCTS_DIR; };
		BA4DF09D29A753C1002526E8 /* AppDelegate.swift */ = {isa = PBXFileReference; lastKnownFileType = sourcecode.swift; path = AppDelegate.swift; sourceTree = "<group>"; };
		BA4DF09F29A753C1002526E8 /* SceneDelegate.swift */ = {isa = PBXFileReference; lastKnownFileType = sourcecode.swift; path = SceneDelegate.swift; sourceTree = "<group>"; };
		BA4DF0A629A753C2002526E8 /* Assets.xcassets */ = {isa = PBXFileReference; lastKnownFileType = folder.assetcatalog; path = Assets.xcassets; sourceTree = "<group>"; };
		BA4DF0A929A753C2002526E8 /* Base */ = {isa = PBXFileReference; lastKnownFileType = file.storyboard; name = Base; path = Base.lproj/LaunchScreen.storyboard; sourceTree = "<group>"; };
		BA4DF0AB29A753C2002526E8 /* Info.plist */ = {isa = PBXFileReference; lastKnownFileType = text.plist.xml; path = Info.plist; sourceTree = "<group>"; };
		BA4DF0B629A7558C002526E8 /* MainViewController.swift */ = {isa = PBXFileReference; lastKnownFileType = sourcecode.swift; path = MainViewController.swift; sourceTree = "<group>"; };
		BA4DF0B829A755B0002526E8 /* MainView.swift */ = {isa = PBXFileReference; lastKnownFileType = sourcecode.swift; path = MainView.swift; sourceTree = "<group>"; };
		BA4DF0BA29A755D9002526E8 /* TimerModel.swift */ = {isa = PBXFileReference; lastKnownFileType = sourcecode.swift; path = TimerModel.swift; sourceTree = "<group>"; };
		BA4DF0BC29A7560A002526E8 /* TimerCollectionViewCell.swift */ = {isa = PBXFileReference; lastKnownFileType = sourcecode.swift; path = TimerCollectionViewCell.swift; sourceTree = "<group>"; };
		BA4DF0BE29AA0CC4002526E8 /* MainViewProtocol.swift */ = {isa = PBXFileReference; lastKnownFileType = sourcecode.swift; path = MainViewProtocol.swift; sourceTree = "<group>"; };
		BA4DF0C029AB2A1C002526E8 /* AddNewTimerView.swift */ = {isa = PBXFileReference; lastKnownFileType = sourcecode.swift; path = AddNewTimerView.swift; sourceTree = "<group>"; };
		BA4DF0C229AB2A2F002526E8 /* AddNewTimerViewController.swift */ = {isa = PBXFileReference; lastKnownFileType = sourcecode.swift; path = AddNewTimerViewController.swift; sourceTree = "<group>"; };
		BA4DF0C629AB7025002526E8 /* TimePickerViewCell.swift */ = {isa = PBXFileReference; lastKnownFileType = sourcecode.swift; path = TimePickerViewCell.swift; sourceTree = "<group>"; };
/* End PBXFileReference section */

/* Begin PBXFrameworksBuildPhase section */
		BA4DF09729A753C1002526E8 /* Frameworks */ = {
			isa = PBXFrameworksBuildPhase;
			buildActionMask = 2147483647;
			files = (
			);
			runOnlyForDeploymentPostprocessing = 0;
		};
/* End PBXFrameworksBuildPhase section */

/* Begin PBXGroup section */
		BA464E0729AC9B34006F7794 /* Extensions */ = {
			isa = PBXGroup;
			children = (
				BA464E0829AC9B48006F7794 /* Int+.swift */,
			);
			path = Extensions;
			sourceTree = "<group>";
		};
		BA464E0C29ADBE87006F7794 /* Managers */ = {
			isa = PBXGroup;
			children = (
				BA464E0D29ADBE95006F7794 /* TimerManager.swift */,
			);
			path = Managers;
			sourceTree = "<group>";
		};
		BA4DF09129A753C1002526E8 = {
			isa = PBXGroup;
			children = (
				BA4DF09C29A753C1002526E8 /* CookingTimer */,
				BA4DF09B29A753C1002526E8 /* Products */,
			);
			sourceTree = "<group>";
		};
		BA4DF09B29A753C1002526E8 /* Products */ = {
			isa = PBXGroup;
			children = (
				BA4DF09A29A753C1002526E8 /* CookingTimer.app */,
			);
			name = Products;
			sourceTree = "<group>";
		};
		BA4DF09C29A753C1002526E8 /* CookingTimer */ = {
			isa = PBXGroup;
			children = (
				BA464E0C29ADBE87006F7794 /* Managers */,
				BA464E0729AC9B34006F7794 /* Extensions */,
				BA4DF0B329A75569002526E8 /* Screens */,
				BA4DF09D29A753C1002526E8 /* AppDelegate.swift */,
				BA4DF09F29A753C1002526E8 /* SceneDelegate.swift */,
				BA4DF0A629A753C2002526E8 /* Assets.xcassets */,
				BA4DF0A829A753C2002526E8 /* LaunchScreen.storyboard */,
				BA4DF0AB29A753C2002526E8 /* Info.plist */,
			);
			path = CookingTimer;
			sourceTree = "<group>";
		};
		BA4DF0B329A75569002526E8 /* Screens */ = {
			isa = PBXGroup;
			children = (
				BA4DF0B529A7557C002526E8 /* AddNewTimer */,
				BA4DF0B429A75575002526E8 /* Main */,
			);
			path = Screens;
			sourceTree = "<group>";
		};
		BA4DF0B429A75575002526E8 /* Main */ = {
			isa = PBXGroup;
			children = (
				BA4DF0B629A7558C002526E8 /* MainViewController.swift */,
				BA4DF0B829A755B0002526E8 /* MainView.swift */,
				BA4DF0BA29A755D9002526E8 /* TimerModel.swift */,
				BA4DF0BC29A7560A002526E8 /* TimerCollectionViewCell.swift */,
				BA4DF0BE29AA0CC4002526E8 /* MainViewProtocol.swift */,
			);
			path = Main;
			sourceTree = "<group>";
		};
		BA4DF0B529A7557C002526E8 /* AddNewTimer */ = {
			isa = PBXGroup;
			children = (
				BA4DF0C029AB2A1C002526E8 /* AddNewTimerView.swift */,
				BA4DF0C229AB2A2F002526E8 /* AddNewTimerViewController.swift */,
				BA4DF0C629AB7025002526E8 /* TimePickerViewCell.swift */,
				BA464E0A29ADB114006F7794 /* AddNewTimerViewDelegate.swift */,
			);
			path = AddNewTimer;
			sourceTree = "<group>";
		};
/* End PBXGroup section */

/* Begin PBXNativeTarget section */
		BA4DF09929A753C1002526E8 /* CookingTimer */ = {
			isa = PBXNativeTarget;
			buildConfigurationList = BA4DF0AE29A753C2002526E8 /* Build configuration list for PBXNativeTarget "CookingTimer" */;
			buildPhases = (
				BA4DF09629A753C1002526E8 /* Sources */,
				BA4DF09729A753C1002526E8 /* Frameworks */,
				BA4DF09829A753C1002526E8 /* Resources */,
			);
			buildRules = (
			);
			dependencies = (
			);
			name = CookingTimer;
			productName = CookingTimer;
			productReference = BA4DF09A29A753C1002526E8 /* CookingTimer.app */;
			productType = "com.apple.product-type.application";
		};
/* End PBXNativeTarget section */

/* Begin PBXProject section */
		BA4DF09229A753C1002526E8 /* Project object */ = {
			isa = PBXProject;
			attributes = {
				BuildIndependentTargetsInParallel = 1;
				LastSwiftUpdateCheck = 1400;
				LastUpgradeCheck = 1400;
				TargetAttributes = {
					BA4DF09929A753C1002526E8 = {
						CreatedOnToolsVersion = 14.0;
					};
				};
			};
			buildConfigurationList = BA4DF09529A753C1002526E8 /* Build configuration list for PBXProject "CookingTimer" */;
			compatibilityVersion = "Xcode 14.0";
			developmentRegion = en;
			hasScannedForEncodings = 0;
			knownRegions = (
				en,
				Base,
			);
			mainGroup = BA4DF09129A753C1002526E8;
			productRefGroup = BA4DF09B29A753C1002526E8 /* Products */;
			projectDirPath = "";
			projectRoot = "";
			targets = (
				BA4DF09929A753C1002526E8 /* CookingTimer */,
			);
		};
/* End PBXProject section */

/* Begin PBXResourcesBuildPhase section */
		BA4DF09829A753C1002526E8 /* Resources */ = {
			isa = PBXResourcesBuildPhase;
			buildActionMask = 2147483647;
			files = (
				BA4DF0AA29A753C2002526E8 /* LaunchScreen.storyboard in Resources */,
				BA4DF0A729A753C2002526E8 /* Assets.xcassets in Resources */,
			);
			runOnlyForDeploymentPostprocessing = 0;
		};
/* End PBXResourcesBuildPhase section */

/* Begin PBXSourcesBuildPhase section */
		BA4DF09629A753C1002526E8 /* Sources */ = {
			isa = PBXSourcesBuildPhase;
			buildActionMask = 2147483647;
			files = (
				BA4DF0C129AB2A1C002526E8 /* AddNewTimerView.swift in Sources */,
				BA4DF09E29A753C1002526E8 /* AppDelegate.swift in Sources */,
				BA4DF0C729AB7025002526E8 /* TimePickerViewCell.swift in Sources */,
				BA4DF0A029A753C1002526E8 /* SceneDelegate.swift in Sources */,
				BA4DF0BF29AA0CC4002526E8 /* MainViewProtocol.swift in Sources */,
				BA464E0E29ADBE95006F7794 /* TimerManager.swift in Sources */,
				BA4DF0BB29A755D9002526E8 /* TimerModel.swift in Sources */,
				BA4DF0BD29A7560A002526E8 /* TimerCollectionViewCell.swift in Sources */,
				BA4DF0B929A755B0002526E8 /* MainView.swift in Sources */,
				BA4DF0B729A7558C002526E8 /* MainViewController.swift in Sources */,
				BA464E0B29ADB114006F7794 /* AddNewTimerViewDelegate.swift in Sources */,
				BA464E0929AC9B48006F7794 /* Int+.swift in Sources */,
				BA4DF0C329AB2A2F002526E8 /* AddNewTimerViewController.swift in Sources */,
			);
			runOnlyForDeploymentPostprocessing = 0;
		};
/* End PBXSourcesBuildPhase section */

/* Begin PBXVariantGroup section */
		BA4DF0A829A753C2002526E8 /* LaunchScreen.storyboard */ = {
			isa = PBXVariantGroup;
			children = (
				BA4DF0A929A753C2002526E8 /* Base */,
			);
			name = LaunchScreen.storyboard;
			sourceTree = "<group>";
		};
/* End PBXVariantGroup section */

/* Begin XCBuildConfiguration section */
		BA4DF0AC29A753C2002526E8 /* Debug */ = {
			isa = XCBuildConfiguration;
			buildSettings = {
				ALWAYS_SEARCH_USER_PATHS = NO;
				CLANG_ANALYZER_NONNULL = YES;
				CLANG_ANALYZER_NUMBER_OBJECT_CONVERSION = YES_AGGRESSIVE;
				CLANG_CXX_LANGUAGE_STANDARD = "gnu++20";
				CLANG_ENABLE_MODULES = YES;
				CLANG_ENABLE_OBJC_ARC = YES;
				CLANG_ENABLE_OBJC_WEAK = YES;
				CLANG_WARN_BLOCK_CAPTURE_AUTORELEASING = YES;
				CLANG_WARN_BOOL_CONVERSION = YES;
				CLANG_WARN_COMMA = YES;
				CLANG_WARN_CONSTANT_CONVERSION = YES;
				CLANG_WARN_DEPRECATED_OBJC_IMPLEMENTATIONS = YES;
				CLANG_WARN_DIRECT_OBJC_ISA_USAGE = YES_ERROR;
				CLANG_WARN_DOCUMENTATION_COMMENTS = YES;
				CLANG_WARN_EMPTY_BODY = YES;
				CLANG_WARN_ENUM_CONVERSION = YES;
				CLANG_WARN_INFINITE_RECURSION = YES;
				CLANG_WARN_INT_CONVERSION = YES;
				CLANG_WARN_NON_LITERAL_NULL_CONVERSION = YES;
				CLANG_WARN_OBJC_IMPLICIT_RETAIN_SELF = YES;
				CLANG_WARN_OBJC_LITERAL_CONVERSION = YES;
				CLANG_WARN_OBJC_ROOT_CLASS = YES_ERROR;
				CLANG_WARN_QUOTED_INCLUDE_IN_FRAMEWORK_HEADER = YES;
				CLANG_WARN_RANGE_LOOP_ANALYSIS = YES;
				CLANG_WARN_STRICT_PROTOTYPES = YES;
				CLANG_WARN_SUSPICIOUS_MOVE = YES;
				CLANG_WARN_UNGUARDED_AVAILABILITY = YES_AGGRESSIVE;
				CLANG_WARN_UNREACHABLE_CODE = YES;
				CLANG_WARN__DUPLICATE_METHOD_MATCH = YES;
				COPY_PHASE_STRIP = NO;
				DEBUG_INFORMATION_FORMAT = dwarf;
				ENABLE_STRICT_OBJC_MSGSEND = YES;
				ENABLE_TESTABILITY = YES;
				GCC_C_LANGUAGE_STANDARD = gnu11;
				GCC_DYNAMIC_NO_PIC = NO;
				GCC_NO_COMMON_BLOCKS = YES;
				GCC_OPTIMIZATION_LEVEL = 0;
				GCC_PREPROCESSOR_DEFINITIONS = (
					"DEBUG=1",
					"$(inherited)",
				);
				GCC_WARN_64_TO_32_BIT_CONVERSION = YES;
				GCC_WARN_ABOUT_RETURN_TYPE = YES_ERROR;
				GCC_WARN_UNDECLARED_SELECTOR = YES;
				GCC_WARN_UNINITIALIZED_AUTOS = YES_AGGRESSIVE;
				GCC_WARN_UNUSED_FUNCTION = YES;
				GCC_WARN_UNUSED_VARIABLE = YES;
				IPHONEOS_DEPLOYMENT_TARGET = 16.0;
				MTL_ENABLE_DEBUG_INFO = INCLUDE_SOURCE;
				MTL_FAST_MATH = YES;
				ONLY_ACTIVE_ARCH = YES;
				SDKROOT = iphoneos;
				SWIFT_ACTIVE_COMPILATION_CONDITIONS = DEBUG;
				SWIFT_OPTIMIZATION_LEVEL = "-Onone";
			};
			name = Debug;
		};
		BA4DF0AD29A753C2002526E8 /* Release */ = {
			isa = XCBuildConfiguration;
			buildSettings = {
				ALWAYS_SEARCH_USER_PATHS = NO;
				CLANG_ANALYZER_NONNULL = YES;
				CLANG_ANALYZER_NUMBER_OBJECT_CONVERSION = YES_AGGRESSIVE;
				CLANG_CXX_LANGUAGE_STANDARD = "gnu++20";
				CLANG_ENABLE_MODULES = YES;
				CLANG_ENABLE_OBJC_ARC = YES;
				CLANG_ENABLE_OBJC_WEAK = YES;
				CLANG_WARN_BLOCK_CAPTURE_AUTORELEASING = YES;
				CLANG_WARN_BOOL_CONVERSION = YES;
				CLANG_WARN_COMMA = YES;
				CLANG_WARN_CONSTANT_CONVERSION = YES;
				CLANG_WARN_DEPRECATED_OBJC_IMPLEMENTATIONS = YES;
				CLANG_WARN_DIRECT_OBJC_ISA_USAGE = YES_ERROR;
				CLANG_WARN_DOCUMENTATION_COMMENTS = YES;
				CLANG_WARN_EMPTY_BODY = YES;
				CLANG_WARN_ENUM_CONVERSION = YES;
				CLANG_WARN_INFINITE_RECURSION = YES;
				CLANG_WARN_INT_CONVERSION = YES;
				CLANG_WARN_NON_LITERAL_NULL_CONVERSION = YES;
				CLANG_WARN_OBJC_IMPLICIT_RETAIN_SELF = YES;
				CLANG_WARN_OBJC_LITERAL_CONVERSION = YES;
				CLANG_WARN_OBJC_ROOT_CLASS = YES_ERROR;
				CLANG_WARN_QUOTED_INCLUDE_IN_FRAMEWORK_HEADER = YES;
				CLANG_WARN_RANGE_LOOP_ANALYSIS = YES;
				CLANG_WARN_STRICT_PROTOTYPES = YES;
				CLANG_WARN_SUSPICIOUS_MOVE = YES;
				CLANG_WARN_UNGUARDED_AVAILABILITY = YES_AGGRESSIVE;
				CLANG_WARN_UNREACHABLE_CODE = YES;
				CLANG_WARN__DUPLICATE_METHOD_MATCH = YES;
				COPY_PHASE_STRIP = NO;
				DEBUG_INFORMATION_FORMAT = "dwarf-with-dsym";
				ENABLE_NS_ASSERTIONS = NO;
				ENABLE_STRICT_OBJC_MSGSEND = YES;
				GCC_C_LANGUAGE_STANDARD = gnu11;
				GCC_NO_COMMON_BLOCKS = YES;
				GCC_WARN_64_TO_32_BIT_CONVERSION = YES;
				GCC_WARN_ABOUT_RETURN_TYPE = YES_ERROR;
				GCC_WARN_UNDECLARED_SELECTOR = YES;
				GCC_WARN_UNINITIALIZED_AUTOS = YES_AGGRESSIVE;
				GCC_WARN_UNUSED_FUNCTION = YES;
				GCC_WARN_UNUSED_VARIABLE = YES;
				IPHONEOS_DEPLOYMENT_TARGET = 16.0;
				MTL_ENABLE_DEBUG_INFO = NO;
				MTL_FAST_MATH = YES;
				SDKROOT = iphoneos;
				SWIFT_COMPILATION_MODE = wholemodule;
				SWIFT_OPTIMIZATION_LEVEL = "-O";
				VALIDATE_PRODUCT = YES;
			};
			name = Release;
		};
		BA4DF0AF29A753C2002526E8 /* Debug */ = {
			isa = XCBuildConfiguration;
			buildSettings = {
				ASSETCATALOG_COMPILER_APPICON_NAME = AppIcon;
				ASSETCATALOG_COMPILER_GLOBAL_ACCENT_COLOR_NAME = AccentColor;
				CODE_SIGN_STYLE = Automatic;
				CURRENT_PROJECT_VERSION = 1;
				DEVELOPMENT_TEAM = WZJ4PAGW66;
				GENERATE_INFOPLIST_FILE = YES;
				INFOPLIST_FILE = CookingTimer/Info.plist;
				INFOPLIST_KEY_UIApplicationSupportsIndirectInputEvents = YES;
				INFOPLIST_KEY_UILaunchStoryboardName = LaunchScreen;
				INFOPLIST_KEY_UISupportedInterfaceOrientations_iPad = "UIInterfaceOrientationPortrait UIInterfaceOrientationPortraitUpsideDown UIInterfaceOrientationLandscapeLeft UIInterfaceOrientationLandscapeRight";
				INFOPLIST_KEY_UISupportedInterfaceOrientations_iPhone = "UIInterfaceOrientationPortrait UIInterfaceOrientationLandscapeLeft UIInterfaceOrientationLandscapeRight";
				LD_RUNPATH_SEARCH_PATHS = (
					"$(inherited)",
					"@executable_path/Frameworks",
				);
				MARKETING_VERSION = 1.0;
				PRODUCT_BUNDLE_IDENTIFIER = DenisCompany.CookingTimer;
				PRODUCT_NAME = "$(TARGET_NAME)";
				SWIFT_EMIT_LOC_STRINGS = YES;
				SWIFT_VERSION = 5.0;
				TARGETED_DEVICE_FAMILY = "1,2";
			};
			name = Debug;
		};
		BA4DF0B029A753C2002526E8 /* Release */ = {
			isa = XCBuildConfiguration;
			buildSettings = {
				ASSETCATALOG_COMPILER_APPICON_NAME = AppIcon;
				ASSETCATALOG_COMPILER_GLOBAL_ACCENT_COLOR_NAME = AccentColor;
				CODE_SIGN_STYLE = Automatic;
				CURRENT_PROJECT_VERSION = 1;
				DEVELOPMENT_TEAM = WZJ4PAGW66;
				GENERATE_INFOPLIST_FILE = YES;
				INFOPLIST_FILE = CookingTimer/Info.plist;
				INFOPLIST_KEY_UIApplicationSupportsIndirectInputEvents = YES;
				INFOPLIST_KEY_UILaunchStoryboardName = LaunchScreen;
				INFOPLIST_KEY_UISupportedInterfaceOrientations_iPad = "UIInterfaceOrientationPortrait UIInterfaceOrientationPortraitUpsideDown UIInterfaceOrientationLandscapeLeft UIInterfaceOrientationLandscapeRight";
				INFOPLIST_KEY_UISupportedInterfaceOrientations_iPhone = "UIInterfaceOrientationPortrait UIInterfaceOrientationLandscapeLeft UIInterfaceOrientationLandscapeRight";
				LD_RUNPATH_SEARCH_PATHS = (
					"$(inherited)",
					"@executable_path/Frameworks",
				);
				MARKETING_VERSION = 1.0;
				PRODUCT_BUNDLE_IDENTIFIER = DenisCompany.CookingTimer;
				PRODUCT_NAME = "$(TARGET_NAME)";
				SWIFT_EMIT_LOC_STRINGS = YES;
				SWIFT_VERSION = 5.0;
				TARGETED_DEVICE_FAMILY = "1,2";
			};
			name = Release;
		};
/* End XCBuildConfiguration section */

/* Begin XCConfigurationList section */
		BA4DF09529A753C1002526E8 /* Build configuration list for PBXProject "CookingTimer" */ = {
			isa = XCConfigurationList;
			buildConfigurations = (
				BA4DF0AC29A753C2002526E8 /* Debug */,
				BA4DF0AD29A753C2002526E8 /* Release */,
			);
			defaultConfigurationIsVisible = 0;
			defaultConfigurationName = Release;
		};
		BA4DF0AE29A753C2002526E8 /* Build configuration list for PBXNativeTarget "CookingTimer" */ = {
			isa = XCConfigurationList;
			buildConfigurations = (
				BA4DF0AF29A753C2002526E8 /* Debug */,
				BA4DF0B029A753C2002526E8 /* Release */,
			);
			defaultConfigurationIsVisible = 0;
			defaultConfigurationName = Release;
		};
/* End XCConfigurationList section */
	};
	rootObject = BA4DF09229A753C1002526E8 /* Project object */;
}
